
Microsoft Visual Studio Solution File, Format Version 12.00
# Visual Studio 15
VisualStudioVersion = 15.0.27130.2027
MinimumVisualStudioVersion = 10.0.40219.1
Project("{FAE04EC0-301F-11D3-BF4B-00C04F79EFBC}") = "Garden_Centre_MVC", "Garden_Centre_MVC\Garden_Centre_MVC.csproj", "{C8F93B0D-EC09-4AA5-8716-4FC5680CE2B0}"
EndProject
Global
	GlobalSection(SolutionConfigurationPlatforms) = preSolution
		Debug|Any CPU = Debug|Any CPU
		Release|Any CPU = Release|Any CPU
	EndGlobalSection
	GlobalSection(ProjectConfigurationPlatforms) = postSolution
		{C8F93B0D-EC09-4AA5-8716-4FC5680CE2B0}.Debug|Any CPU.ActiveCfg = Debug|Any CPU
		{C8F93B0D-EC09-4AA5-8716-4FC5680CE2B0}.Debug|Any CPU.Build.0 = Debug|Any CPU
		{C8F93B0D-EC09-4AA5-8716-4FC5680CE2B0}.Release|Any CPU.ActiveCfg = Release|Any CPU
		{C8F93B0D-EC09-4AA5-8716-4FC5680CE2B0}.Release|Any CPU.Build.0 = Release|Any CPU
	EndGlobalSection
	GlobalSection(SolutionProperties) = preSolution
		HideSolutionNode = FALSE
	EndGlobalSection
	GlobalSection(ExtensibilityGlobals) = postSolution
		SolutionGuid = {49F911C6-E279-4219-AE9F-FA44B5CCA376}
	EndGlobalSection
EndGlobal
